
Microsoft Visual Studio Solution File, Format Version 12.00
# Visual Studio Version 17
VisualStudioVersion = 17.2.32526.322
MinimumVisualStudioVersion = 10.0.40219.1
Project("{FAE04EC0-301F-11D3-BF4B-00C04F79EFBC}") = "Project1", "Project1\Project1.csproj", "{F3B077A3-248A-4AB4-BFC6-BFF0AE9A1DC8}"
EndProject
Global
	GlobalSection(SolutionConfigurationPlatforms) = preSolution
		Debug|Any CPU = Debug|Any CPU
		Release|Any CPU = Release|Any CPU
	EndGlobalSection
	GlobalSection(ProjectConfigurationPlatforms) = postSolution
		{F3B077A3-248A-4AB4-BFC6-BFF0AE9A1DC8}.Debug|Any CPU.ActiveCfg = Debug|Any CPU
		{F3B077A3-248A-4AB4-BFC6-BFF0AE9A1DC8}.Debug|Any CPU.Build.0 = Debug|Any CPU
		{F3B077A3-248A-4AB4-BFC6-BFF0AE9A1DC8}.Release|Any CPU.ActiveCfg = Release|Any CPU
		{F3B077A3-248A-4AB4-BFC6-BFF0AE9A1DC8}.Release|Any CPU.Build.0 = Release|Any CPU
	EndGlobalSection
	GlobalSection(SolutionProperties) = preSolution
		HideSolutionNode = FALSE
	EndGlobalSection
	GlobalSection(ExtensibilityGlobals) = postSolution
		SolutionGuid = {16069BEE-B609-4C33-8401-CF2AE4C4E27E}
	EndGlobalSection
EndGlobal
